Microsoft Visual Studio Solution File, Format Version 11.00
# Visual Studio 2008

Project("{05F3ECF0-35DA-1153-1F08-FBAC877F216D}") = "Ymerdrengen2", "Assembly-CSharp.csproj", "{184299E0-B228-866E-61B2-B6430683234E}"
EndProject
Project("{05F3ECF0-35DA-1153-1F08-FBAC877F216D}") = "Ymerdrengen2", "Assembly-CSharp-Editor.csproj", "{EFC2F18A-0814-7727-E7FB-0249BD4E549C}"
EndProject
Global
	GlobalSection(SolutionConfigurationPlatforms) = preSolution
		Debug|Any CPU = Debug|Any CPU
		Release|Any CPU = Release|Any CPU
	EndGlobalSection
	GlobalSection(ProjectConfigurationPlatforms) = postSolution
		{184299E0-B228-866E-61B2-B6430683234E}.Debug|Any CPU.ActiveCfg = Debug|Any CPU
		{184299E0-B228-866E-61B2-B6430683234E}.Debug|Any CPU.Build.0 = Debug|Any CPU
		{184299E0-B228-866E-61B2-B6430683234E}.Release|Any CPU.ActiveCfg = Release|Any CPU
		{184299E0-B228-866E-61B2-B6430683234E}.Release|Any CPU.Build.0 = Release|Any CPU
		{EFC2F18A-0814-7727-E7FB-0249BD4E549C}.Debug|Any CPU.ActiveCfg = Debug|Any CPU
		{EFC2F18A-0814-7727-E7FB-0249BD4E549C}.Debug|Any CPU.Build.0 = Debug|Any CPU
		{EFC2F18A-0814-7727-E7FB-0249BD4E549C}.Release|Any CPU.ActiveCfg = Release|Any CPU
		{EFC2F18A-0814-7727-E7FB-0249BD4E549C}.Release|Any CPU.Build.0 = Release|Any CPU
	EndGlobalSection
	GlobalSection(SolutionProperties) = preSolution
		HideSolutionNode = FALSE
	EndGlobalSection
	GlobalSection(MonoDevelopProperties) = preSolution
		StartupItem = Assembly-CSharp.csproj
	EndGlobalSection
EndGlobal
