
Microsoft Visual Studio Solution File, Format Version 12.00
# Visual Studio 2015
Project("{FAE04EC0-301F-11D3-BF4B-00C04F79EFBC}") = "Ymerdrengen2.CSharp", "Ymerdrengen2.CSharp.csproj", "{2BAF3BF5-09AA-2106-0723-4D6EAAA86683}"
EndProject
Project("{FAE04EC0-301F-11D3-BF4B-00C04F79EFBC}") = "Ymerdrengen2.CSharp.Editor", "Ymerdrengen2.CSharp.Editor.csproj", "{C63A5E25-0B43-1B65-F6D0-394F74926219}"
EndProject
Global
	GlobalSection(SolutionConfigurationPlatforms) = preSolution
		Debug|Any CPU = Debug|Any CPU
		Release|Any CPU = Release|Any CPU
	EndGlobalSection
	GlobalSection(ProjectConfigurationPlatforms) = postSolution
		{2BAF3BF5-09AA-2106-0723-4D6EAAA86683}.Debug|Any CPU.ActiveCfg = Debug|Any CPU
		{2BAF3BF5-09AA-2106-0723-4D6EAAA86683}.Debug|Any CPU.Build.0 = Debug|Any CPU
		{2BAF3BF5-09AA-2106-0723-4D6EAAA86683}.Release|Any CPU.ActiveCfg = Release|Any CPU
		{2BAF3BF5-09AA-2106-0723-4D6EAAA86683}.Release|Any CPU.Build.0 = Release|Any CPU
		{C63A5E25-0B43-1B65-F6D0-394F74926219}.Debug|Any CPU.ActiveCfg = Debug|Any CPU
		{C63A5E25-0B43-1B65-F6D0-394F74926219}.Debug|Any CPU.Build.0 = Debug|Any CPU
		{C63A5E25-0B43-1B65-F6D0-394F74926219}.Release|Any CPU.ActiveCfg = Release|Any CPU
		{C63A5E25-0B43-1B65-F6D0-394F74926219}.Release|Any CPU.Build.0 = Release|Any CPU
	EndGlobalSection
	GlobalSection(SolutionProperties) = preSolution
		HideSolutionNode = FALSE
	EndGlobalSection
EndGlobal
